// !$*UTF8*$!
{
	archiveVersion = 1;
	classes = {
	};
	objectVersion = 77;
	objects = {

/* Begin PBXBuildFile section */
		000000000000000000009000 /* ProfileDetailView.swift in Sources */ = {isa = PBXBuildFile; fileRef = 000000000000000000009001 /* ProfileDetailView.swift */; };
		0B1D6E01C3A94F20B81DDE01 /* BridgeClient.swift in Sources */ = {isa = PBXBuildFile; fileRef = 0B1D6E02C3A94F20B81DDE02 /* BridgeClient.swift */; };
		0C2E7F01D4B05A31C92EEF01 /* SkillsView.swift in Sources */ = {isa = PBXBuildFile; fileRef = 0C2E7F02D4B05A31C92EEF02 /* SkillsView.swift */; };
		0D3F8A01E5C16B42DA3FFF01 /* ProfileBoardView.swift in Sources */ = {isa = PBXBuildFile; fileRef = 0D3F8A02E5C16B42DA3FFF02 /* ProfileBoardView.swift */; };
		0D9CC9C9B49F82C246E793D9 /* HermesAPIClient.swift in Sources */ = {isa = PBXBuildFile; fileRef = 7E785976044540D5051D9A8C /* HermesAPIClient.swift */; };
		0E4A9B01F6D27C53EB4AAA01 /* KanbanModels.swift in Sources */ = {isa = PBXBuildFile; fileRef = 0E4A9B02F6D27C53EB4AAA02 /* KanbanModels.swift */; };
		0F5BAC01A7E38D64FC5BBB01 /* KanbanView.swift in Sources */ = {isa = PBXBuildFile; fileRef = 0F5BAC02A7E38D64FC5BBB02 /* KanbanView.swift */; };
		1A6CBD01B8F49E75AD6CCC01 /* DashboardWebView.swift in Sources */ = {isa = PBXBuildFile; fileRef = 1A6CBD02B8F49E75AD6CCC02 /* DashboardWebView.swift */; };
		1C77813AED34B08CD3E08F90 /* HermesChatApp.swift in Sources */ = {isa = PBXBuildFile; fileRef = 65FFA2CC47E47044567F7E36 /* HermesChatApp.swift */; };
		2B7DCE01C9A55B86BE7DDD01 /* KeychainHelper.swift in Sources */ = {isa = PBXBuildFile; fileRef = 2B7DCE02C9A55B86BE7DDD02 /* KeychainHelper.swift */; };
		3658CC72F9CAB88AB9CBA142 /* SettingsView.swift in Sources */ = {isa = PBXBuildFile; fileRef = F8DCB2A4C45DFD8E5CA9F032 /* SettingsView.swift */; };
		3C8EDF01DAB66C97CF8EEE01 /* FileBrowserView.swift in Sources */ = {isa = PBXBuildFile; fileRef = 3C8EDF02DAB66C97CF8EEE02 /* FileBrowserView.swift */; };
		4D9FAE01EBC77DA8DA9FFF01 /* MarkdownText.swift in Sources */ = {isa = PBXBuildFile; fileRef = 4D9FAE02EBC77DA8DA9FFF02 /* MarkdownText.swift */; };
		5A89F158C9FB5779ECF4BB54 /* AppDefaults.swift in Sources */ = {isa = PBXBuildFile; fileRef = 8E3D771DF194DC8DF1975A78 /* AppDefaults.swift */; };
		5EABCD01FCD88EB9EB1AAA01 /* NotificationService.swift in Sources */ = {isa = PBXBuildFile; fileRef = 5EABCD02FCD88EB9EB1AAA02 /* NotificationService.swift */; };
		617FEF64C2A2B4E4986CB1BC /* DashboardModels.swift in Sources */ = {isa = PBXBuildFile; fileRef = 1FB3343782720464725EB49B /* DashboardModels.swift */; };
		6FBCDE01ADE99FCAFC2BBB01 /* SpeechService.swift in Sources */ = {isa = PBXBuildFile; fileRef = 6FBCDE02ADE99FCAFC2BBB02 /* SpeechService.swift */; };
		776B66DF2FD8387E001190A1 /* ProfileModels.swift in Sources */ = {isa = PBXBuildFile; fileRef = 776B66DE2FD8387E001190A1 /* ProfileModels.swift */; };
		7ACDEF01BEFAAADBAD3CCC01 /* ChatImageView.swift in Sources */ = {isa = PBXBuildFile; fileRef = 7ACDEF02BEFAAADBAD3CCC02 /* ChatImageView.swift */; };
		7E4B207B5BCA40A070CBF676 /* SessionModels.swift in Sources */ = {isa = PBXBuildFile; fileRef = 001BE0A159F3AEBDC606263C /* SessionModels.swift */; };
		8ACDEF01CEF11ADBFD3CCC01 /* VoiceConversationController.swift in Sources */ = {isa = PBXBuildFile; fileRef = 8ACDEF02CEF11ADBFD3CCC02 /* VoiceConversationController.swift */; };
		9BCDEF01AEF22BECFE4DDD01 /* PhotoImportWatcher.swift in Sources */ = {isa = PBXBuildFile; fileRef = 9BCDEF02AEF22BECFE4DDD02 /* PhotoImportWatcher.swift */; };
		A048726920A8715530AACBE9 /* ToolModels.swift in Sources */ = {isa = PBXBuildFile; fileRef = 0ABF5AB0727489B06D16F6AB /* ToolModels.swift */; };
		A1B2C3D4E5F6010203040501 /* VoiceEntryCoordinator.swift in Sources */ = {isa = PBXBuildFile; fileRef = A1B2C3D4E5F6010203040502 /* VoiceEntryCoordinator.swift */; };
		A1B2C3D4E5F6010203040601 /* StartVoiceInputIntent.swift in Sources */ = {isa = PBXBuildFile; fileRef = A1B2C3D4E5F6010203040602 /* StartVoiceInputIntent.swift */; };
		A9FA080264459EA4F3C7D0AA /* ToolResultView.swift in Sources */ = {isa = PBXBuildFile; fileRef = 6743DB1D930CC2F7E9C650CC /* ToolResultView.swift */; };
		AC5E70A11CE700000000B001 /* Assets.xcassets in Resources */ = {isa = PBXBuildFile; fileRef = AC5E70A11CE700000000F001 /* Assets.xcassets */; };
		B5B4BF8255A8DF60FFE1604F /* ChatViewModel.swift in Sources */ = {isa = PBXBuildFile; fileRef = DEC3DC1D7345FE8A30F5F63E /* ChatViewModel.swift */; };
		B681A38C220609922E6F32B6 /* ChatModels.swift in Sources */ = {isa = PBXBuildFile; fileRef = 1F3BB2D079331A3B8BEBB359 /* ChatModels.swift */; };
		C0F0000000000000000000A1 /* CronModels.swift in Sources */ = {isa = PBXBuildFile; fileRef = C0F0000000000000000000A2 /* CronModels.swift */; };
		C0F0000000000000000000B1 /* CronJobsView.swift in Sources */ = {isa = PBXBuildFile; fileRef = C0F0000000000000000000B2 /* CronJobsView.swift */; };
		C0F0000000000000000000C1 /* CronJobEditView.swift in Sources */ = {isa = PBXBuildFile; fileRef = C0F0000000000000000000C2 /* CronJobEditView.swift */; };
		C0F0000000000000000000D1 /* CreateProfileView.swift in Sources */ = {isa = PBXBuildFile; fileRef = C0F0000000000000000000D2 /* CreateProfileView.swift */; };
		C29ABD7D6F0C12DFFACAAC42 /* SessionListView.swift in Sources */ = {isa = PBXBuildFile; fileRef = D485E391BB3FBF773D0C6778 /* SessionListView.swift */; };
		CC0372ECAE6E122E1C4FAA13 /* ChatView.swift in Sources */ = {isa = PBXBuildFile; fileRef = 690CD0BEB59B960A94F72420 /* ChatView.swift */; };
		D37A2F7854931324D14E852F /* MessageView.swift in Sources */ = {isa = PBXBuildFile; fileRef = E6079AD100F5FFAC1B2FE955 /* MessageView.swift */; };
		DD17000100000000000DEE01 /* DiscussionModels.swift in Sources */ = {isa = PBXBuildFile; fileRef = DD17000200000000000DEE02 /* DiscussionModels.swift */; };
		DD17000300000000000DEE03 /* DiscussionViewModel.swift in Sources */ = {isa = PBXBuildFile; fileRef = DD17000400000000000DEE04 /* DiscussionViewModel.swift */; };
		DD17000500000000000DEE05 /* DiscussionView.swift in Sources */ = {isa = PBXBuildFile; fileRef = DD17000600000000000DEE06 /* DiscussionView.swift */; };
		FB2E0FF7697F10D61F2B83B1 /* StreamModels.swift in Sources */ = {isa = PBXBuildFile; fileRef = BB500D688436AF311932B708 /* StreamModels.swift */; };
		L10N001A00000000000L10001 /* Localizable.strings in Resources */ = {isa = PBXBuildFile; fileRef = L10N001A00000000000L10002 /* Localizable.strings */; };
		L10N001A00000000000L10011 /* InfoPlist.strings in Resources */ = {isa = PBXBuildFile; fileRef = L10N001A00000000000L10012 /* InfoPlist.strings */; };
		AUTH001A00000000000AUTH01 /* AuthView.swift in Sources */ = {isa = PBXBuildFile; fileRef = AUTH001A00000000000AUTH02 /* AuthView.swift */; };
		SUBS001A00000000000SUBS01 /* SubscriptionService.swift in Sources */ = {isa = PBXBuildFile; fileRef = SUBS001A00000000000SUBS02 /* SubscriptionService.swift */; };
		ONBR001A00000000000ONBR01 /* OnboardingView.swift in Sources */ = {isa = PBXBuildFile; fileRef = ONBR001A00000000000ONBR02 /* OnboardingView.swift */; };
		PRIV001A00000000000PRIV01 /* PrivacyInfo.xcprivacy in Resources */ = {isa = PBXBuildFile; fileRef = PRIV001A00000000000PRIV02 /* PrivacyInfo.xcprivacy */; };
/* End PBXBuildFile section */

/* Begin PBXFileReference section */
		000000000000000000009001 /* ProfileDetailView.swift */ = {isa = PBXFileReference; lastKnownFileType = sourcecode.swift; path = ProfileDetailView.swift; sourceTree = "<group>"; };
		001BE0A159F3AEBDC606263C /* SessionModels.swift */ = {isa = PBXFileReference; lastKnownFileType = sourcecode.swift; path = SessionModels.swift; sourceTree = "<group>"; };
		0ABF5AB0727489B06D16F6AB /* ToolModels.swift */ = {isa = PBXFileReference; lastKnownFileType = sourcecode.swift; path = ToolModels.swift; sourceTree = "<group>"; };
		0B1D6E02C3A94F20B81DDE02 /* BridgeClient.swift */ = {isa = PBXFileReference; lastKnownFileType = sourcecode.swift; path = BridgeClient.swift; sourceTree = "<group>"; };
		0C2E7F02D4B05A31C92EEF02 /* SkillsView.swift */ = {isa = PBXFileReference; lastKnownFileType = sourcecode.swift; path = SkillsView.swift; sourceTree = "<group>"; };
		0D3F8A02E5C16B42DA3FFF02 /* ProfileBoardView.swift */ = {isa = PBXFileReference; lastKnownFileType = sourcecode.swift; path = ProfileBoardView.swift; sourceTree = "<group>"; };
		0E4A9B02F6D27C53EB4AAA02 /* KanbanModels.swift */ = {isa = PBXFileReference; lastKnownFileType = sourcecode.swift; path = KanbanModels.swift; sourceTree = "<group>"; };
		0F5BAC02A7E38D64FC5BBB02 /* KanbanView.swift */ = {isa = PBXFileReference; lastKnownFileType = sourcecode.swift; path = KanbanView.swift; sourceTree = "<group>"; };
		1A6CBD02B8F49E75AD6CCC02 /* DashboardWebView.swift */ = {isa = PBXFileReference; lastKnownFileType = sourcecode.swift; path = DashboardWebView.swift; sourceTree = "<group>"; };
		1F3BB2D079331A3B8BEBB359 /* ChatModels.swift */ = {isa = PBXFileReference; lastKnownFileType = sourcecode.swift; path = ChatModels.swift; sourceTree = "<group>"; };
		1FB3343782720464725EB49B /* DashboardModels.swift */ = {isa = PBXFileReference; lastKnownFileType = sourcecode.swift; path = DashboardModels.swift; sourceTree = "<group>"; };
		23245B6E8F2A9A7A394852E9 /* HermesChat.app */ = {isa = PBXFileReference; explicitFileType = wrapper.application; includeInIndex = 0; path = HermesChat.app; sourceTree = BUILT_PRODUCTS_DIR; };
		2B7DCE02C9A55B86BE7DDD02 /* KeychainHelper.swift */ = {isa = PBXFileReference; lastKnownFileType = sourcecode.swift; path = KeychainHelper.swift; sourceTree = "<group>"; };
		3C8EDF02DAB66C97CF8EEE02 /* FileBrowserView.swift */ = {isa = PBXFileReference; lastKnownFileType = sourcecode.swift; path = FileBrowserView.swift; sourceTree = "<group>"; };
		4D9FAE02EBC77DA8DA9FFF02 /* MarkdownText.swift */ = {isa = PBXFileReference; lastKnownFileType = sourcecode.swift; path = MarkdownText.swift; sourceTree = "<group>"; };
		5EABCD02FCD88EB9EB1AAA02 /* NotificationService.swift */ = {isa = PBXFileReference; lastKnownFileType = sourcecode.swift; path = NotificationService.swift; sourceTree = "<group>"; };
		65FFA2CC47E47044567F7E36 /* HermesChatApp.swift */ = {isa = PBXFileReference; lastKnownFileType = sourcecode.swift; path = HermesChatApp.swift; sourceTree = "<group>"; };
		ENTA001A00000000000ENTA02 /* HermesChat.entitlements */ = {isa = PBXFileReference; lastKnownFileType = text.plist.entitlements; path = HermesChat.entitlements; sourceTree = "<group>"; };
		6743DB1D930CC2F7E9C650CC /* ToolResultView.swift */ = {isa = PBXFileReference; lastKnownFileType = sourcecode.swift; path = ToolResultView.swift; sourceTree = "<group>"; };
		690CD0BEB59B960A94F72420 /* ChatView.swift */ = {isa = PBXFileReference; lastKnownFileType = sourcecode.swift; path = ChatView.swift; sourceTree = "<group>"; };
		6FBCDE02ADE99FCAFC2BBB02 /* SpeechService.swift */ = {isa = PBXFileReference; lastKnownFileType = sourcecode.swift; path = SpeechService.swift; sourceTree = "<group>"; };
		776B66DE2FD8387E001190A1 /* ProfileModels.swift */ = {isa = PBXFileReference; lastKnownFileType = sourcecode.swift; path = ProfileModels.swift; sourceTree = "<group>"; };
		7ACDEF02BEFAAADBAD3CCC02 /* ChatImageView.swift */ = {isa = PBXFileReference; lastKnownFileType = sourcecode.swift; path = ChatImageView.swift; sourceTree = "<group>"; };
		7E785976044540D5051D9A8C /* HermesAPIClient.swift */ = {isa = PBXFileReference; lastKnownFileType = sourcecode.swift; path = HermesAPIClient.swift; sourceTree = "<group>"; };
		8ACDEF02CEF11ADBFD3CCC02 /* VoiceConversationController.swift */ = {isa = PBXFileReference; lastKnownFileType = sourcecode.swift; path = VoiceConversationController.swift; sourceTree = "<group>"; };
		8E3D771DF194DC8DF1975A78 /* AppDefaults.swift */ = {isa = PBXFileReference; lastKnownFileType = sourcecode.swift; path = AppDefaults.swift; sourceTree = "<group>"; };
		9BCDEF02AEF22BECFE4DDD02 /* PhotoImportWatcher.swift */ = {isa = PBXFileReference; lastKnownFileType = sourcecode.swift; path = PhotoImportWatcher.swift; sourceTree = "<group>"; };
		A1B2C3D4E5F6010203040502 /* VoiceEntryCoordinator.swift */ = {isa = PBXFileReference; lastKnownFileType = sourcecode.swift; path = VoiceEntryCoordinator.swift; sourceTree = "<group>"; };
		A1B2C3D4E5F6010203040602 /* StartVoiceInputIntent.swift */ = {isa = PBXFileReference; lastKnownFileType = sourcecode.swift; path = StartVoiceInputIntent.swift; sourceTree = "<group>"; };
		A221A979D2EDD87F33D38D44 /* Info.plist */ = {isa = PBXFileReference; lastKnownFileType = text.plist; path = Info.plist; sourceTree = "<group>"; };
		AC5E70A11CE700000000F001 /* Assets.xcassets */ = {isa = PBXFileReference; lastKnownFileType = folder.assetcatalog; path = Assets.xcassets; sourceTree = "<group>"; };
		BB500D688436AF311932B708 /* StreamModels.swift */ = {isa = PBXFileReference; lastKnownFileType = sourcecode.swift; path = StreamModels.swift; sourceTree = "<group>"; };
		C0F0000000000000000000A2 /* CronModels.swift */ = {isa = PBXFileReference; lastKnownFileType = sourcecode.swift; path = CronModels.swift; sourceTree = "<group>"; };
		C0F0000000000000000000B2 /* CronJobsView.swift */ = {isa = PBXFileReference; lastKnownFileType = sourcecode.swift; path = CronJobsView.swift; sourceTree = "<group>"; };
		C0F0000000000000000000C2 /* CronJobEditView.swift */ = {isa = PBXFileReference; lastKnownFileType = sourcecode.swift; path = CronJobEditView.swift; sourceTree = "<group>"; };
		C0F0000000000000000000D2 /* CreateProfileView.swift */ = {isa = PBXFileReference; lastKnownFileType = sourcecode.swift; path = CreateProfileView.swift; sourceTree = "<group>"; };
		D485E391BB3FBF773D0C6778 /* SessionListView.swift */ = {isa = PBXFileReference; lastKnownFileType = sourcecode.swift; path = SessionListView.swift; sourceTree = "<group>"; };
		DD17000200000000000DEE02 /* DiscussionModels.swift */ = {isa = PBXFileReference; lastKnownFileType = sourcecode.swift; path = DiscussionModels.swift; sourceTree = "<group>"; };
		DD17000400000000000DEE04 /* DiscussionViewModel.swift */ = {isa = PBXFileReference; lastKnownFileType = sourcecode.swift; path = DiscussionViewModel.swift; sourceTree = "<group>"; };
		DD17000600000000000DEE06 /* DiscussionView.swift */ = {isa = PBXFileReference; lastKnownFileType = sourcecode.swift; path = DiscussionView.swift; sourceTree = "<group>"; };
		DEC3DC1D7345FE8A30F5F63E /* ChatViewModel.swift */ = {isa = PBXFileReference; lastKnownFileType = sourcecode.swift; path = ChatViewModel.swift; sourceTree = "<group>"; };
		E6079AD100F5FFAC1B2FE955 /* MessageView.swift */ = {isa = PBXFileReference; lastKnownFileType = sourcecode.swift; path = MessageView.swift; sourceTree = "<group>"; };
		F8DCB2A4C45DFD8E5CA9F032 /* SettingsView.swift */ = {isa = PBXFileReference; lastKnownFileType = sourcecode.swift; path = SettingsView.swift; sourceTree = "<group>"; };
		L10N001A00000000000L10003 /* ko */ = {isa = PBXFileReference; lastKnownFileType = text.plist.strings; name = ko; path = ko.lproj/Localizable.strings; sourceTree = "<group>"; };
		L10N001A00000000000L10004 /* en */ = {isa = PBXFileReference; lastKnownFileType = text.plist.strings; name = en; path = en.lproj/Localizable.strings; sourceTree = "<group>"; };
		L10N001A00000000000L10005 /* zh-Hans */ = {isa = PBXFileReference; lastKnownFileType = text.plist.strings; name = "zh-Hans"; path = "zh-Hans.lproj/Localizable.strings"; sourceTree = "<group>"; };
		L10N001A00000000000L10013 /* ko */ = {isa = PBXFileReference; lastKnownFileType = text.plist.strings; name = ko; path = ko.lproj/InfoPlist.strings; sourceTree = "<group>"; };
		L10N001A00000000000L10014 /* en */ = {isa = PBXFileReference; lastKnownFileType = text.plist.strings; name = en; path = en.lproj/InfoPlist.strings; sourceTree = "<group>"; };
		L10N001A00000000000L10015 /* zh-Hans */ = {isa = PBXFileReference; lastKnownFileType = text.plist.strings; name = "zh-Hans"; path = "zh-Hans.lproj/InfoPlist.strings"; sourceTree = "<group>"; };
		AUTH001A00000000000AUTH02 /* AuthView.swift */ = {isa = PBXFileReference; lastKnownFileType = sourcecode.swift; path = AuthView.swift; sourceTree = "<group>"; };
		SUBS001A00000000000SUBS02 /* SubscriptionService.swift */ = {isa = PBXFileReference; lastKnownFileType = sourcecode.swift; path = SubscriptionService.swift; sourceTree = "<group>"; };
		ONBR001A00000000000ONBR02 /* OnboardingView.swift */ = {isa = PBXFileReference; lastKnownFileType = sourcecode.swift; path = OnboardingView.swift; sourceTree = "<group>"; };
		PRIV001A00000000000PRIV02 /* PrivacyInfo.xcprivacy */ = {isa = PBXFileReference; lastKnownFileType = text.xml; path = PrivacyInfo.xcprivacy; sourceTree = "<group>"; };
/* End PBXFileReference section */

/* Begin PBXGroup section */
		2DBCD9AC0F176525E1C50AB6 /* Components */ = {
			isa = PBXGroup;
			children = (
				7ACDEF02BEFAAADBAD3CCC02 /* ChatImageView.swift */,
				4D9FAE02EBC77DA8DA9FFF02 /* MarkdownText.swift */,
				E6079AD100F5FFAC1B2FE955 /* MessageView.swift */,
				6743DB1D930CC2F7E9C650CC /* ToolResultView.swift */,
			);
			path = Components;
			sourceTree = "<group>";
		};
		36A99B5720D58F1B3DB28FFB /* HermesChat */ = {
			isa = PBXGroup;
			children = (
				65FFA2CC47E47044567F7E36 /* HermesChatApp.swift */,
				ENTA001A00000000000ENTA02 /* HermesChat.entitlements */,
				BB500D688436AF311932B708 /* StreamModels.swift */,
				F071D0C15D5946A0A9C611C8 /* Models */,
				A1B2C3D4E5F6010203040701 /* Intents */,
				79ADB5EF3F17868193DD3239 /* Resources */,
				4D292AE3948AF1C9BD5C12E1 /* Services */,
				AFC58B4E359424F537D0C882 /* ViewModels */,
				AD022600DB262A1EE5281A15 /* Views */,
			);
			path = HermesChat;
			sourceTree = "<group>";
		};
		44F68EE33E19F15B8A6EF68B /* Products */ = {
			isa = PBXGroup;
			children = (
				23245B6E8F2A9A7A394852E9 /* HermesChat.app */,
			);
			name = Products;
			sourceTree = "<group>";
		};
		4D292AE3948AF1C9BD5C12E1 /* Services */ = {
			isa = PBXGroup;
			children = (
				8E3D771DF194DC8DF1975A78 /* AppDefaults.swift */,
				0B1D6E02C3A94F20B81DDE02 /* BridgeClient.swift */,
				7E785976044540D5051D9A8C /* HermesAPIClient.swift */,
				2B7DCE02C9A55B86BE7DDD02 /* KeychainHelper.swift */,
				5EABCD02FCD88EB9EB1AAA02 /* NotificationService.swift */,
				6FBCDE02ADE99FCAFC2BBB02 /* SpeechService.swift */,
				8ACDEF02CEF11ADBFD3CCC02 /* VoiceConversationController.swift */,
				9BCDEF02AEF22BECFE4DDD02 /* PhotoImportWatcher.swift */,
				A1B2C3D4E5F6010203040502 /* VoiceEntryCoordinator.swift */,
				SUBS001A00000000000SUBS02 /* SubscriptionService.swift */,
			);
			path = Services;
			sourceTree = "<group>";
		};
		79ADB5EF3F17868193DD3239 /* Resources */ = {
			isa = PBXGroup;
			children = (
				A221A979D2EDD87F33D38D44 /* Info.plist */,
				AC5E70A11CE700000000F001 /* Assets.xcassets */,
				PRIV001A00000000000PRIV02 /* PrivacyInfo.xcprivacy */,
				L10N001A00000000000L10002 /* Localizable.strings */,
				L10N001A00000000000L10012 /* InfoPlist.strings */,
			);
			path = Resources;
			sourceTree = "<group>";
		};
		A1B2C3D4E5F6010203040701 /* Intents */ = {
			isa = PBXGroup;
			children = (
				A1B2C3D4E5F6010203040602 /* StartVoiceInputIntent.swift */,
			);
			path = Intents;
			sourceTree = "<group>";
		};
		AD022600DB262A1EE5281A15 /* Views */ = {
			isa = PBXGroup;
			children = (
				690CD0BEB59B960A94F72420 /* ChatView.swift */,
				C0F0000000000000000000D2 /* CreateProfileView.swift */,
				C0F0000000000000000000C2 /* CronJobEditView.swift */,
				C0F0000000000000000000B2 /* CronJobsView.swift */,
				AUTH001A00000000000AUTH02 /* AuthView.swift */,
				1A6CBD02B8F49E75AD6CCC02 /* DashboardWebView.swift */,
				DD17000600000000000DEE06 /* DiscussionView.swift */,
				3C8EDF02DAB66C97CF8EEE02 /* FileBrowserView.swift */,
				0F5BAC02A7E38D64FC5BBB02 /* KanbanView.swift */,
				ONBR001A00000000000ONBR02 /* OnboardingView.swift */,
				0D3F8A02E5C16B42DA3FFF02 /* ProfileBoardView.swift */,
				000000000000000000009001 /* ProfileDetailView.swift */,
				D485E391BB3FBF773D0C6778 /* SessionListView.swift */,
				0C2E7F02D4B05A31C92EEF02 /* SkillsView.swift */,
				F8DCB2A4C45DFD8E5CA9F032 /* SettingsView.swift */,
				2DBCD9AC0F176525E1C50AB6 /* Components */,
			);
			path = Views;
			sourceTree = "<group>";
		};
		AFC58B4E359424F537D0C882 /* ViewModels */ = {
			isa = PBXGroup;
			children = (
				DEC3DC1D7345FE8A30F5F63E /* ChatViewModel.swift */,
				DD17000400000000000DEE04 /* DiscussionViewModel.swift */,
			);
			path = ViewModels;
			sourceTree = "<group>";
		};
		C6988E78869DC4646BA1BD85 = {
			isa = PBXGroup;
			children = (
				36A99B5720D58F1B3DB28FFB /* HermesChat */,
				44F68EE33E19F15B8A6EF68B /* Products */,
			);
			sourceTree = "<group>";
		};
		F071D0C15D5946A0A9C611C8 /* Models */ = {
			isa = PBXGroup;
			children = (
				1F3BB2D079331A3B8BEBB359 /* ChatModels.swift */,
				C0F0000000000000000000A2 /* CronModels.swift */,
				1FB3343782720464725EB49B /* DashboardModels.swift */,
				DD17000200000000000DEE02 /* DiscussionModels.swift */,
				0E4A9B02F6D27C53EB4AAA02 /* KanbanModels.swift */,
				001BE0A159F3AEBDC606263C /* SessionModels.swift */,
				0ABF5AB0727489B06D16F6AB /* ToolModels.swift */,
				776B66DE2FD8387E001190A1 /* ProfileModels.swift */,
			);
			path = Models;
			sourceTree = "<group>";
		};
/* End PBXGroup section */

/* Begin PBXNativeTarget section */
		DB97AA5A8FBBD54B6F05AC0F /* HermesChat */ = {
			isa = PBXNativeTarget;
			buildConfigurationList = DACB90115195947152786C91 /* Build configuration list for PBXNativeTarget "HermesChat" */;
			buildPhases = (
				826B5629B0929883375420D7 /* Sources */,
				AC5E70A11CE700000000C001 /* Resources */,
			);
			buildRules = (
			);
			dependencies = (
			);
			name = HermesChat;
			packageProductDependencies = (
			);
			productName = HermesChat;
			productReference = 23245B6E8F2A9A7A394852E9 /* HermesChat.app */;
			productType = "com.apple.product-type.application";
		};
/* End PBXNativeTarget section */

/* Begin PBXProject section */
		BD8AF0C259AF7A97636A68F7 /* Project object */ = {
			isa = PBXProject;
			attributes = {
				BuildIndependentTargetsInParallel = YES;
				LastUpgradeCheck = 1430;
				TargetAttributes = {
					DB97AA5A8FBBD54B6F05AC0F = {
						ProvisioningStyle = Automatic;
					};
				};
			};
			buildConfigurationList = 41FFABF6DF1B39B1D967CB88 /* Build configuration list for PBXProject "HermesChat" */;
			developmentRegion = en;
			hasScannedForEncodings = 0;
			knownRegions = (
				Base,
				en,
				ko,
				"zh-Hans",
			);
			mainGroup = C6988E78869DC4646BA1BD85;
			minimizedProjectReferenceProxies = 1;
			preferredProjectObjectVersion = 77;
			productRefGroup = 44F68EE33E19F15B8A6EF68B /* Products */;
			projectDirPath = "";
			projectRoot = "";
			targets = (
				DB97AA5A8FBBD54B6F05AC0F /* HermesChat */,
			);
		};
/* End PBXProject section */

/* Begin PBXResourcesBuildPhase section */
		AC5E70A11CE700000000C001 /* Resources */ = {
			isa = PBXResourcesBuildPhase;
			buildActionMask = 2147483647;
			files = (
				AC5E70A11CE700000000B001 /* Assets.xcassets in Resources */,
				PRIV001A00000000000PRIV01 /* PrivacyInfo.xcprivacy in Resources */,
				L10N001A00000000000L10001 /* Localizable.strings in Resources */,
				L10N001A00000000000L10011 /* InfoPlist.strings in Resources */,
			);
			runOnlyForDeploymentPostprocessing = 0;
		};
/* End PBXResourcesBuildPhase section */

/* Begin PBXSourcesBuildPhase section */
		826B5629B0929883375420D7 /* Sources */ = {
			isa = PBXSourcesBuildPhase;
			buildActionMask = 2147483647;
			files = (
				5A89F158C9FB5779ECF4BB54 /* AppDefaults.swift in Sources */,
				0B1D6E01C3A94F20B81DDE01 /* BridgeClient.swift in Sources */,
				000000000000000000009000 /* ProfileDetailView.swift in Sources */,
				C0F0000000000000000000A1 /* CronModels.swift in Sources */,
				C0F0000000000000000000B1 /* CronJobsView.swift in Sources */,
				C0F0000000000000000000C1 /* CronJobEditView.swift in Sources */,
				C0F0000000000000000000D1 /* CreateProfileView.swift in Sources */,
				B681A38C220609922E6F32B6 /* ChatModels.swift in Sources */,
				776B66DF2FD8387E001190A1 /* ProfileModels.swift in Sources */,
				CC0372ECAE6E122E1C4FAA13 /* ChatView.swift in Sources */,
				B5B4BF8255A8DF60FFE1604F /* ChatViewModel.swift in Sources */,
				617FEF64C2A2B4E4986CB1BC /* DashboardModels.swift in Sources */,
				1A6CBD01B8F49E75AD6CCC01 /* DashboardWebView.swift in Sources */,
				DD17000100000000000DEE01 /* DiscussionModels.swift in Sources */,
				DD17000300000000000DEE03 /* DiscussionViewModel.swift in Sources */,
				DD17000500000000000DEE05 /* DiscussionView.swift in Sources */,
				3C8EDF01DAB66C97CF8EEE01 /* FileBrowserView.swift in Sources */,
				0D9CC9C9B49F82C246E793D9 /* HermesAPIClient.swift in Sources */,
				1C77813AED34B08CD3E08F90 /* HermesChatApp.swift in Sources */,
				0E4A9B01F6D27C53EB4AAA01 /* KanbanModels.swift in Sources */,
				2B7DCE01C9A55B86BE7DDD01 /* KeychainHelper.swift in Sources */,
				0F5BAC01A7E38D64FC5BBB01 /* KanbanView.swift in Sources */,
				7ACDEF01BEFAAADBAD3CCC01 /* ChatImageView.swift in Sources */,
				4D9FAE01EBC77DA8DA9FFF01 /* MarkdownText.swift in Sources */,
				D37A2F7854931324D14E852F /* MessageView.swift in Sources */,
				5EABCD01FCD88EB9EB1AAA01 /* NotificationService.swift in Sources */,
				6FBCDE01ADE99FCAFC2BBB01 /* SpeechService.swift in Sources */,
				SUBS001A00000000000SUBS01 /* SubscriptionService.swift in Sources */,
				8ACDEF01CEF11ADBFD3CCC01 /* VoiceConversationController.swift in Sources */,
				9BCDEF01AEF22BECFE4DDD01 /* PhotoImportWatcher.swift in Sources */,
				A1B2C3D4E5F6010203040501 /* VoiceEntryCoordinator.swift in Sources */,
				A1B2C3D4E5F6010203040601 /* StartVoiceInputIntent.swift in Sources */,
				0D3F8A01E5C16B42DA3FFF01 /* ProfileBoardView.swift in Sources */,
				C29ABD7D6F0C12DFFACAAC42 /* SessionListView.swift in Sources */,
				7E4B207B5BCA40A070CBF676 /* SessionModels.swift in Sources */,
				3658CC72F9CAB88AB9CBA142 /* SettingsView.swift in Sources */,
				0C2E7F01D4B05A31C92EEF01 /* SkillsView.swift in Sources */,
				FB2E0FF7697F10D61F2B83B1 /* StreamModels.swift in Sources */,
				A048726920A8715530AACBE9 /* ToolModels.swift in Sources */,
				A9FA080264459EA4F3C7D0AA /* ToolResultView.swift in Sources */,
				AUTH001A00000000000AUTH01 /* AuthView.swift in Sources */,
				ONBR001A00000000000ONBR01 /* OnboardingView.swift in Sources */,
			);
			runOnlyForDeploymentPostprocessing = 0;
		};
/* End PBXSourcesBuildPhase section */

/* Begin PBXVariantGroup section */
		L10N001A00000000000L10002 /* Localizable.strings */ = {
			isa = PBXVariantGroup;
			children = (
				L10N001A00000000000L10003 /* ko */,
				L10N001A00000000000L10004 /* en */,
				L10N001A00000000000L10005 /* zh-Hans */,
			);
			name = Localizable.strings;
			sourceTree = "<group>";
		};
		L10N001A00000000000L10012 /* InfoPlist.strings */ = {
			isa = PBXVariantGroup;
			children = (
				L10N001A00000000000L10013 /* ko */,
				L10N001A00000000000L10014 /* en */,
				L10N001A00000000000L10015 /* zh-Hans */,
			);
			name = InfoPlist.strings;
			sourceTree = "<group>";
		};
/* End PBXVariantGroup section */

/* Begin XCBuildConfiguration section */
		0650E9FD5B1F1828BC225394 /* Release */ = {
			isa = XCBuildConfiguration;
			buildSettings = {
				ASSETCATALOG_COMPILER_APPICON_NAME = AppIcon;
				CODE_SIGN_ENTITLEMENTS = HermesChat/HermesChat.entitlements;
				CODE_SIGN_IDENTITY = "iPhone Developer";
				CODE_SIGN_STYLE = Automatic;
				DEVELOPMENT_TEAM = FQC4365RD8;
				GENERATE_INFOPLIST_FILE = NO;
				INFOPLIST_FILE = HermesChat/Resources/Info.plist;
				IPHONEOS_DEPLOYMENT_TARGET = 17.0;
				LD_RUNPATH_SEARCH_PATHS = (
					"$(inherited)",
					"@executable_path/Frameworks",
				);
				PRODUCT_BUNDLE_IDENTIFIER = com.hermes.chatios;
				PRODUCT_NAME = HermesChat;
				SDKROOT = iphoneos;
				SWIFT_VERSION = 5.9;
				TARGETED_DEVICE_FAMILY = "1,2";
			};
			name = Release;
		};
		2E16DB503774BC85741E9C6F /* Release */ = {
			isa = XCBuildConfiguration;
			buildSettings = {
				ALWAYS_SEARCH_USER_PATHS = NO;
				CLANG_ANALYZER_NONNULL = YES;
				CLANG_ANALYZER_NUMBER_OBJECT_CONVERSION = YES_AGGRESSIVE;
				CLANG_CXX_LANGUAGE_STANDARD = "gnu++14";
				CLANG_CXX_LIBRARY = "libc++";
				CLANG_ENABLE_MODULES = YES;
				CLANG_ENABLE_OBJC_ARC = YES;
				CLANG_ENABLE_OBJC_WEAK = YES;
				CLANG_WARN_BLOCK_CAPTURE_AUTORELEASING = YES;
				CLANG_WARN_BOOL_CONVERSION = YES;
				CLANG_WARN_COMMA = YES;
				CLANG_WARN_CONSTANT_CONVERSION = YES;
				CLANG_WARN_DEPRECATED_OBJC_IMPLEMENTATIONS = YES;
				CLANG_WARN_DIRECT_OBJC_ISA_USAGE = YES_ERROR;
				CLANG_WARN_DOCUMENTATION_COMMENTS = YES;
				CLANG_WARN_EMPTY_BODY = YES;
				CLANG_WARN_ENUM_CONVERSION = YES;
				CLANG_WARN_INFINITE_RECURSION = YES;
				CLANG_WARN_INT_CONVERSION = YES;
				CLANG_WARN_NON_LITERAL_NULL_CONVERSION = YES;
				CLANG_WARN_OBJC_IMPLICIT_RETAIN_SELF = YES;
				CLANG_WARN_OBJC_LITERAL_CONVERSION = YES;
				CLANG_WARN_OBJC_ROOT_CLASS = YES_ERROR;
				CLANG_WARN_QUOTED_INCLUDE_IN_FRAMEWORK_HEADER = YES;
				CLANG_WARN_RANGE_LOOP_ANALYSIS = YES;
				CLANG_WARN_STRICT_PROTOTYPES = YES;
				CLANG_WARN_SUSPICIOUS_MOVE = YES;
				CLANG_WARN_UNGUARDED_AVAILABILITY = YES_AGGRESSIVE;
				CLANG_WARN_UNREACHABLE_CODE = YES;
				CLANG_WARN__DUPLICATE_METHOD_MATCH = YES;
				COPY_PHASE_STRIP = NO;
				DEBUG_INFORMATION_FORMAT = "dwarf-with-dsym";
				ENABLE_NS_ASSERTIONS = NO;
				ENABLE_STRICT_OBJC_MSGSEND = YES;
				GCC_C_LANGUAGE_STANDARD = gnu11;
				GCC_NO_COMMON_BLOCKS = YES;
				GCC_WARN_64_TO_32_BIT_CONVERSION = YES;
				GCC_WARN_ABOUT_RETURN_TYPE = YES_ERROR;
				GCC_WARN_UNDECLARED_SELECTOR = YES;
				GCC_WARN_UNINITIALIZED_AUTOS = YES_AGGRESSIVE;
				GCC_WARN_UNUSED_FUNCTION = YES;
				GCC_WARN_UNUSED_VARIABLE = YES;
				MTL_ENABLE_DEBUG_INFO = NO;
				MTL_FAST_MATH = YES;
				PRODUCT_NAME = "$(TARGET_NAME)";
				SDKROOT = iphoneos;
				SWIFT_COMPILATION_MODE = wholemodule;
				SWIFT_OPTIMIZATION_LEVEL = "-O";
				SWIFT_VERSION = 5.0;
			};
			name = Release;
		};
		2F91E6CA81CC7154294F3050 /* Debug */ = {
			isa = XCBuildConfiguration;
			buildSettings = {
				ASSETCATALOG_COMPILER_APPICON_NAME = AppIcon;
				CODE_SIGN_ENTITLEMENTS = HermesChat/HermesChat.entitlements;
				CODE_SIGN_IDENTITY = "iPhone Developer";
				CODE_SIGN_STYLE = Automatic;
				DEVELOPMENT_TEAM = FQC4365RD8;
				GENERATE_INFOPLIST_FILE = NO;
				INFOPLIST_FILE = HermesChat/Resources/Info.plist;
				IPHONEOS_DEPLOYMENT_TARGET = 17.0;
				LD_RUNPATH_SEARCH_PATHS = (
					"$(inherited)",
					"@executable_path/Frameworks",
				);
				PRODUCT_BUNDLE_IDENTIFIER = com.hermes.chatios;
				PRODUCT_NAME = HermesChat;
				SDKROOT = iphoneos;
				SWIFT_VERSION = 5.9;
				TARGETED_DEVICE_FAMILY = "1,2";
			};
			name = Debug;
		};
		C6B7B5A246C4C81F6FB50720 /* Debug */ = {
			isa = XCBuildConfiguration;
			buildSettings = {
				ALWAYS_SEARCH_USER_PATHS = NO;
				CLANG_ANALYZER_NONNULL = YES;
				CLANG_ANALYZER_NUMBER_OBJECT_CONVERSION = YES_AGGRESSIVE;
				CLANG_CXX_LANGUAGE_STANDARD = "gnu++14";
				CLANG_CXX_LIBRARY = "libc++";
				CLANG_ENABLE_MODULES = YES;
				CLANG_ENABLE_OBJC_ARC = YES;
				CLANG_ENABLE_OBJC_WEAK = YES;
				CLANG_WARN_BLOCK_CAPTURE_AUTORELEASING = YES;
				CLANG_WARN_BOOL_CONVERSION = YES;
				CLANG_WARN_COMMA = YES;
				CLANG_WARN_CONSTANT_CONVERSION = YES;
				CLANG_WARN_DEPRECATED_OBJC_IMPLEMENTATIONS = YES;
				CLANG_WARN_DIRECT_OBJC_ISA_USAGE = YES_ERROR;
				CLANG_WARN_DOCUMENTATION_COMMENTS = YES;
				CLANG_WARN_EMPTY_BODY = YES;
				CLANG_WARN_ENUM_CONVERSION = YES;
				CLANG_WARN_INFINITE_RECURSION = YES;
				CLANG_WARN_INT_CONVERSION = YES;
				CLANG_WARN_NON_LITERAL_NULL_CONVERSION = YES;
				CLANG_WARN_OBJC_IMPLICIT_RETAIN_SELF = YES;
				CLANG_WARN_OBJC_LITERAL_CONVERSION = YES;
				CLANG_WARN_OBJC_ROOT_CLASS = YES_ERROR;
				CLANG_WARN_QUOTED_INCLUDE_IN_FRAMEWORK_HEADER = YES;
				CLANG_WARN_RANGE_LOOP_ANALYSIS = YES;
				CLANG_WARN_STRICT_PROTOTYPES = YES;
				CLANG_WARN_SUSPICIOUS_MOVE = YES;
				CLANG_WARN_UNGUARDED_AVAILABILITY = YES_AGGRESSIVE;
				CLANG_WARN_UNREACHABLE_CODE = YES;
				CLANG_WARN__DUPLICATE_METHOD_MATCH = YES;
				COPY_PHASE_STRIP = NO;
				DEBUG_INFORMATION_FORMAT = dwarf;
				ENABLE_STRICT_OBJC_MSGSEND = YES;
				ENABLE_TESTABILITY = YES;
				GCC_C_LANGUAGE_STANDARD = gnu11;
				GCC_DYNAMIC_NO_PIC = NO;
				GCC_NO_COMMON_BLOCKS = YES;
				GCC_OPTIMIZATION_LEVEL = 0;
				GCC_PREPROCESSOR_DEFINITIONS = (
					"$(inherited)",
					"DEBUG=1",
				);
				GCC_WARN_64_TO_32_BIT_CONVERSION = YES;
				GCC_WARN_ABOUT_RETURN_TYPE = YES_ERROR;
				GCC_WARN_UNDECLARED_SELECTOR = YES;
				GCC_WARN_UNINITIALIZED_AUTOS = YES_AGGRESSIVE;
				GCC_WARN_UNUSED_FUNCTION = YES;
				GCC_WARN_UNUSED_VARIABLE = YES;
				MTL_ENABLE_DEBUG_INFO = INCLUDE_SOURCE;
				MTL_FAST_MATH = YES;
				ONLY_ACTIVE_ARCH = YES;
				PRODUCT_NAME = "$(TARGET_NAME)";
				SDKROOT = iphoneos;
				SWIFT_ACTIVE_COMPILATION_CONDITIONS = DEBUG;
				SWIFT_OPTIMIZATION_LEVEL = "-Onone";
				SWIFT_VERSION = 5.0;
			};
			name = Debug;
		};
/* End XCBuildConfiguration section */

/* Begin XCConfigurationList section */
		41FFABF6DF1B39B1D967CB88 /* Build configuration list for PBXProject "HermesChat" */ = {
			isa = XCConfigurationList;
			buildConfigurations = (
				C6B7B5A246C4C81F6FB50720 /* Debug */,
				2E16DB503774BC85741E9C6F /* Release */,
			);
			defaultConfigurationIsVisible = 0;
			defaultConfigurationName = Debug;
		};
		DACB90115195947152786C91 /* Build configuration list for PBXNativeTarget "HermesChat" */ = {
			isa = XCConfigurationList;
			buildConfigurations = (
				2F91E6CA81CC7154294F3050 /* Debug */,
				0650E9FD5B1F1828BC225394 /* Release */,
			);
			defaultConfigurationIsVisible = 0;
			defaultConfigurationName = Debug;
		};
/* End XCConfigurationList section */
	};
	rootObject = BD8AF0C259AF7A97636A68F7 /* Project object */;
}
